
Microsoft Visual Studio Solution File, Format Version 12.00
# Visual Studio Version 17
VisualStudioVersion = 17.0.32014.148
MinimumVisualStudioVersion = 10.0.40219.1
Project("{9A19103F-16F7-4668-BE54-9A1E7A4F7556}") = "SampleRESTAPI", "SampleRESTAPI\SampleRESTAPI.csproj", "{D58C4EC7-C463-4437-9139-0C719CC18658}"
EndProject
Global
	GlobalSection(SolutionConfigurationPlatforms) = preSolution
		Debug|Any CPU = Debug|Any CPU
		Release|Any CPU = Release|Any CPU
	EndGlobalSection
	GlobalSection(ProjectConfigurationPlatforms) = postSolution
		{D58C4EC7-C463-4437-9139-0C719CC18658}.Debug|Any CPU.ActiveCfg = Debug|Any CPU
		{D58C4EC7-C463-4437-9139-0C719CC18658}.Debug|Any CPU.Build.0 = Debug|Any CPU
		{D58C4EC7-C463-4437-9139-0C719CC18658}.Release|Any CPU.ActiveCfg = Release|Any CPU
		{D58C4EC7-C463-4437-9139-0C719CC18658}.Release|Any CPU.Build.0 = Release|Any CPU
	EndGlobalSection
	GlobalSection(SolutionProperties) = preSolution
		HideSolutionNode = FALSE
	EndGlobalSection
	GlobalSection(ExtensibilityGlobals) = postSolution
		SolutionGuid = {E3D6E213-DC76-4A04-A4CF-5F89E04BBEFD}
	EndGlobalSection
EndGlobal
